
Microsoft Visual Studio Solution File, Format Version 12.00
# Visual Studio Version 16
VisualStudioVersion = 16.0.31229.75
MinimumVisualStudioVersion = 10.0.40219.1
Project("{FAE04EC0-301F-11D3-BF4B-00C04F79EFBC}") = "Kolokwium_PO_w61933", "Kolokwium_PO_w61933\Kolokwium_PO_w61933.csproj", "{7337D29A-993D-402F-AC09-35A719DA6DA1}"
EndProject
Global
	GlobalSection(SolutionConfigurationPlatforms) = preSolution
		Debug|Any CPU = Debug|Any CPU
		Release|Any CPU = Release|Any CPU
	EndGlobalSection
	GlobalSection(ProjectConfigurationPlatforms) = postSolution
		{7337D29A-993D-402F-AC09-35A719DA6DA1}.Debug|Any CPU.ActiveCfg = Debug|Any CPU
		{7337D29A-993D-402F-AC09-35A719DA6DA1}.Debug|Any CPU.Build.0 = Debug|Any CPU
		{7337D29A-993D-402F-AC09-35A719DA6DA1}.Release|Any CPU.ActiveCfg = Release|Any CPU
		{7337D29A-993D-402F-AC09-35A719DA6DA1}.Release|Any CPU.Build.0 = Release|Any CPU
	EndGlobalSection
	GlobalSection(SolutionProperties) = preSolution
		HideSolutionNode = FALSE
	EndGlobalSection
	GlobalSection(ExtensibilityGlobals) = postSolution
		SolutionGuid = {894D7A2A-98C5-4605-B15C-F24811FAA585}
	EndGlobalSection
EndGlobal
